dependencies:
- name: nginx
  repository: oci://acrarolibotnonprod.azurecr.io/helm
  version: 1.3.0
- name: mclabels
  repository: oci://acrarolibotnonprod.azurecr.io/helm/infra
  version: 1.0.1
digest: sha256:203d416e0ea2a03b34d63342f008d383ddac700f19dec743082cb88563a3a942
generated: "2026-03-09T20:30:20.388877147+02:00"
